
Microsoft Visual Studio Solution File, Format Version 12.00
# Visual Studio Version 16
VisualStudioVersion = 16.0.31105.61
MinimumVisualStudioVersion = 10.0.40219.1
Project("{9A19103F-16F7-4668-BE54-9A1E7A4F7556}") = "MostriVsEroi", "MostriVsEroi\MostriVsEroi.csproj", "{4A763255-836E-4975-8C18-5A75BBC66B25}"
EndProject
Project("{9A19103F-16F7-4668-BE54-9A1E7A4F7556}") = "MostriVsEroi.ADORepository", "MostriVsEroi.ADORepository\MostriVsEroi.ADORepository.csproj", "{0433786E-B29F-4FF3-99AD-F30943845CC6}"
EndProject
Project("{9A19103F-16F7-4668-BE54-9A1E7A4F7556}") = "MostriVsEroi.Core", "MostriVsEroi.Core\MostriVsEroi.Core.csproj", "{E3A1ADC3-0330-4ECA-9D3B-2ED91DE888F3}"
EndProject
Project("{9A19103F-16F7-4668-BE54-9A1E7A4F7556}") = "MostriVsEroi.Services", "MostriVsEroi.Services\MostriVsEroi.Services.csproj", "{40E34AD4-4209-4EAA-9F9D-F5C885CB6BE1}"
EndProject
Global
	GlobalSection(SolutionConfigurationPlatforms) = preSolution
		Debug|Any CPU = Debug|Any CPU
		Release|Any CPU = Release|Any CPU
	EndGlobalSection
	GlobalSection(ProjectConfigurationPlatforms) = postSolution
		{4A763255-836E-4975-8C18-5A75BBC66B25}.Debug|Any CPU.ActiveCfg = Debug|Any CPU
		{4A763255-836E-4975-8C18-5A75BBC66B25}.Debug|Any CPU.Build.0 = Debug|Any CPU
		{4A763255-836E-4975-8C18-5A75BBC66B25}.Release|Any CPU.ActiveCfg = Release|Any CPU
		{4A763255-836E-4975-8C18-5A75BBC66B25}.Release|Any CPU.Build.0 = Release|Any CPU
		{0433786E-B29F-4FF3-99AD-F30943845CC6}.Debug|Any CPU.ActiveCfg = Debug|Any CPU
		{0433786E-B29F-4FF3-99AD-F30943845CC6}.Debug|Any CPU.Build.0 = Debug|Any CPU
		{0433786E-B29F-4FF3-99AD-F30943845CC6}.Release|Any CPU.ActiveCfg = Release|Any CPU
		{0433786E-B29F-4FF3-99AD-F30943845CC6}.Release|Any CPU.Build.0 = Release|Any CPU
		{E3A1ADC3-0330-4ECA-9D3B-2ED91DE888F3}.Debug|Any CPU.ActiveCfg = Debug|Any CPU
		{E3A1ADC3-0330-4ECA-9D3B-2ED91DE888F3}.Debug|Any CPU.Build.0 = Debug|Any CPU
		{E3A1ADC3-0330-4ECA-9D3B-2ED91DE888F3}.Release|Any CPU.ActiveCfg = Release|Any CPU
		{E3A1ADC3-0330-4ECA-9D3B-2ED91DE888F3}.Release|Any CPU.Build.0 = Release|Any CPU
		{40E34AD4-4209-4EAA-9F9D-F5C885CB6BE1}.Debug|Any CPU.ActiveCfg = Debug|Any CPU
		{40E34AD4-4209-4EAA-9F9D-F5C885CB6BE1}.Debug|Any CPU.Build.0 = Debug|Any CPU
		{40E34AD4-4209-4EAA-9F9D-F5C885CB6BE1}.Release|Any CPU.ActiveCfg = Release|Any CPU
		{40E34AD4-4209-4EAA-9F9D-F5C885CB6BE1}.Release|Any CPU.Build.0 = Release|Any CPU
	EndGlobalSection
	GlobalSection(SolutionProperties) = preSolution
		HideSolutionNode = FALSE
	EndGlobalSection
	GlobalSection(ExtensibilityGlobals) = postSolution
		SolutionGuid = {EF1B3EB6-7AED-47F5-825D-FDB1449922B0}
	EndGlobalSection
EndGlobal
